
Microsoft Visual Studio Solution File, Format Version 12.00
# Visual Studio Version 17
VisualStudioVersion = 17.7.34018.315
MinimumVisualStudioVersion = 10.0.40219.1
Project("{FAE04EC0-301F-11D3-BF4B-00C04F79EFBC}") = "Creación de estructura de clases según el diseño", "Creación de estructura de clases según el diseño\Creación de estructura de clases según el diseño.csproj", "{CE1FB28A-40CB-4AD1-91E7-3226CD333B31}"
EndProject
Global
	GlobalSection(SolutionConfigurationPlatforms) = preSolution
		Debug|Any CPU = Debug|Any CPU
		Release|Any CPU = Release|Any CPU
	EndGlobalSection
	GlobalSection(ProjectConfigurationPlatforms) = postSolution
		{CE1FB28A-40CB-4AD1-91E7-3226CD333B31}.Debug|Any CPU.ActiveCfg = Debug|Any CPU
		{CE1FB28A-40CB-4AD1-91E7-3226CD333B31}.Debug|Any CPU.Build.0 = Debug|Any CPU
		{CE1FB28A-40CB-4AD1-91E7-3226CD333B31}.Release|Any CPU.ActiveCfg = Release|Any CPU
		{CE1FB28A-40CB-4AD1-91E7-3226CD333B31}.Release|Any CPU.Build.0 = Release|Any CPU
	EndGlobalSection
	GlobalSection(SolutionProperties) = preSolution
		HideSolutionNode = FALSE
	EndGlobalSection
	GlobalSection(ExtensibilityGlobals) = postSolution
		SolutionGuid = {A32AB93D-F02C-4E90-B86C-48AFCE636E7E}
	EndGlobalSection
EndGlobal
